
Microsoft Visual Studio Solution File, Format Version 12.00
# Visual Studio Version 17
VisualStudioVersion = 17.1.32228.430
MinimumVisualStudioVersion = 10.0.40219.1
Project("{FAE04EC0-301F-11D3-BF4B-00C04F79EFBC}") = "DemoMinimalAPI", "DemoMinimalAPI.csproj", "{55DFB6BE-7598-4A05-AA35-C1D1A5CC98F8}"
EndProject
Global
	GlobalSection(SolutionConfigurationPlatforms) = preSolution
		Debug|Any CPU = Debug|Any CPU
		Release|Any CPU = Release|Any CPU
	EndGlobalSection
	GlobalSection(ProjectConfigurationPlatforms) = postSolution
		{55DFB6BE-7598-4A05-AA35-C1D1A5CC98F8}.Debug|Any CPU.ActiveCfg = Debug|Any CPU
		{55DFB6BE-7598-4A05-AA35-C1D1A5CC98F8}.Debug|Any CPU.Build.0 = Debug|Any CPU
		{55DFB6BE-7598-4A05-AA35-C1D1A5CC98F8}.Release|Any CPU.ActiveCfg = Release|Any CPU
		{55DFB6BE-7598-4A05-AA35-C1D1A5CC98F8}.Release|Any CPU.Build.0 = Release|Any CPU
	EndGlobalSection
	GlobalSection(SolutionProperties) = preSolution
		HideSolutionNode = FALSE
	EndGlobalSection
	GlobalSection(ExtensibilityGlobals) = postSolution
		SolutionGuid = {3AD7470C-2BCA-49AE-A705-3A2E475C31A0}
	EndGlobalSection
EndGlobal
